// !$*UTF8*$!
{
	archiveVersion = 1;
	classes = {
	};
	objectVersion = 46;
	objects = {

/* Begin PBXBuildFile section */
		F1134A061C1BF03B00E3FB08 /* AppDelegate.swift in Sources */ = {isa = PBXBuildFile; fileRef = F1134A051C1BF03B00E3FB08 /* AppDelegate.swift */; };
		F1134A081C1BF03B00E3FB08 /* Assets.xcassets in Resources */ = {isa = PBXBuildFile; fileRef = F1134A071C1BF03B00E3FB08 /* Assets.xcassets */; };
		F1134A0B1C1BF03B00E3FB08 /* MainMenu.xib in Resources */ = {isa = PBXBuildFile; fileRef = F1134A091C1BF03B00E3FB08 /* MainMenu.xib */; };
		F1134A131C1BF68900E3FB08 /* AutoCompleteTextField.swift in Sources */ = {isa = PBXBuildFile; fileRef = F1134A121C1BF68900E3FB08 /* AutoCompleteTextField.swift */; };
		F131DAB61D45AD0B0022B2C0 /* station_name.js in Resources */ = {isa = PBXBuildFile; fileRef = F131DAB51D45AD0B0022B2C0 /* station_name.js */; };
		F1D77FBE1C2B80E800457996 /* StationData.swift in Sources */ = {isa = PBXBuildFile; fileRef = F1D77FBD1C2B80E800457996 /* StationData.swift */; };
/* End PBXBuildFile section */

/* Begin PBXFileReference section */
		F1134A021C1BF03B00E3FB08 /* AutoCompleteTextFieldDemo.app */ = {isa = PBXFileReference; explicitFileType = wrapper.application; includeInIndex = 0; path = AutoCompleteTextFieldDemo.app; sourceTree = BUILT_PRODUCTS_DIR; };
		F1134A051C1BF03B00E3FB08 /* AppDelegate.swift */ = {isa = PBXFileReference; lastKnownFileType = sourcecode.swift; path = AppDelegate.swift; sourceTree = "<group>"; };
		F1134A071C1BF03B00E3FB08 /* Assets.xcassets */ = {isa = PBXFileReference; lastKnownFileType = folder.assetcatalog; name = Assets.xcassets; path = AutoCompleteTextFieldDemo/Assets.xcassets; sourceTree = "<group>"; };
		F1134A0A1C1BF03B00E3FB08 /* Base */ = {isa = PBXFileReference; lastKnownFileType = file.xib; name = Base; path = Base.lproj/MainMenu.xib; sourceTree = "<group>"; };
		F1134A0C1C1BF03B00E3FB08 /* Info.plist */ = {isa = PBXFileReference; lastKnownFileType = text.plist.xml; name = Info.plist; path = AutoCompleteTextFieldDemo/Info.plist; sourceTree = "<group>"; };
		F1134A121C1BF68900E3FB08 /* AutoCompleteTextField.swift */ = {isa = PBXFileReference; fileEncoding = 4; lastKnownFileType = sourcecode.swift; path = AutoCompleteTextField.swift; sourceTree = "<group>"; };
		F131DAB51D45AD0B0022B2C0 /* station_name.js */ = {isa = PBXFileReference; fileEncoding = 4; lastKnownFileType = sourcecode.javascript; name = station_name.js; path = Model/station_name.js; sourceTree = "<group>"; };
		F1D77FBD1C2B80E800457996 /* StationData.swift */ = {isa = PBXFileReference; fileEncoding = 4; lastKnownFileType = sourcecode.swift; name = StationData.swift; path = Model/StationData.swift; sourceTree = "<group>"; };
/* End PBXFileReference section */

/* Begin PBXFrameworksBuildPhase section */
		F11349FF1C1BF03B00E3FB08 /* Frameworks */ = {
			isa = PBXFrameworksBuildPhase;
			buildActionMask = 2147483647;
			files = (
			);
			runOnlyForDeploymentPostprocessing = 0;
		};
/* End PBXFrameworksBuildPhase section */

/* Begin PBXGroup section */
		F11349F91C1BF03B00E3FB08 = {
			isa = PBXGroup;
			children = (
				F1134A041C1BF03B00E3FB08 /* AutoCompleteTextFieldDemo */,
				F1134A031C1BF03B00E3FB08 /* Products */,
			);
			sourceTree = "<group>";
		};
		F1134A031C1BF03B00E3FB08 /* Products */ = {
			isa = PBXGroup;
			children = (
				F1134A021C1BF03B00E3FB08 /* AutoCompleteTextFieldDemo.app */,
			);
			name = Products;
			sourceTree = "<group>";
		};
		F1134A041C1BF03B00E3FB08 /* AutoCompleteTextFieldDemo */ = {
			isa = PBXGroup;
			children = (
				F1134A051C1BF03B00E3FB08 /* AppDelegate.swift */,
				F1134A091C1BF03B00E3FB08 /* MainMenu.xib */,
				F1134A121C1BF68900E3FB08 /* AutoCompleteTextField.swift */,
				F1D77FBF1C2B80F300457996 /* Model */,
				F1D77FC31C2B853400457996 /* Supporting Files */,
			);
			path = AutoCompleteTextFieldDemo;
			sourceTree = "<group>";
		};
		F1D77FBF1C2B80F300457996 /* Model */ = {
			isa = PBXGroup;
			children = (
				F131DAB51D45AD0B0022B2C0 /* station_name.js */,
				F1D77FBD1C2B80E800457996 /* StationData.swift */,
			);
			name = Model;
			sourceTree = "<group>";
		};
		F1D77FC31C2B853400457996 /* Supporting Files */ = {
			isa = PBXGroup;
			children = (
				F1134A071C1BF03B00E3FB08 /* Assets.xcassets */,
				F1134A0C1C1BF03B00E3FB08 /* Info.plist */,
			);
			name = "Supporting Files";
			path = ..;
			sourceTree = "<group>";
		};
/* End PBXGroup section */

/* Begin PBXNativeTarget section */
		F1134A011C1BF03B00E3FB08 /* AutoCompleteTextFieldDemo */ = {
			isa = PBXNativeTarget;
			buildConfigurationList = F1134A0F1C1BF03B00E3FB08 /* Build configuration list for PBXNativeTarget "AutoCompleteTextFieldDemo" */;
			buildPhases = (
				F11349FE1C1BF03B00E3FB08 /* Sources */,
				F11349FF1C1BF03B00E3FB08 /* Frameworks */,
				F1134A001C1BF03B00E3FB08 /* Resources */,
			);
			buildRules = (
			);
			dependencies = (
			);
			name = AutoCompleteTextFieldDemo;
			productName = AutoCompleteTextFieldDemo;
			productReference = F1134A021C1BF03B00E3FB08 /* AutoCompleteTextFieldDemo.app */;
			productType = "com.apple.product-type.application";
		};
/* End PBXNativeTarget section */

/* Begin PBXProject section */
		F11349FA1C1BF03B00E3FB08 /* Project object */ = {
			isa = PBXProject;
			attributes = {
				LastSwiftUpdateCheck = 0710;
				LastUpgradeCheck = 0710;
				ORGANIZATIONNAME = fancy;
				TargetAttributes = {
					F1134A011C1BF03B00E3FB08 = {
						CreatedOnToolsVersion = 7.1.1;
					};
				};
			};
			buildConfigurationList = F11349FD1C1BF03B00E3FB08 /* Build configuration list for PBXProject "AutoCompleteTextFieldDemo" */;
			compatibilityVersion = "Xcode 3.2";
			developmentRegion = English;
			hasScannedForEncodings = 0;
			knownRegions = (
				en,
				Base,
			);
			mainGroup = F11349F91C1BF03B00E3FB08;
			productRefGroup = F1134A031C1BF03B00E3FB08 /* Products */;
			projectDirPath = "";
			projectRoot = "";
			targets = (
				F1134A011C1BF03B00E3FB08 /* AutoCompleteTextFieldDemo */,
			);
		};
/* End PBXProject section */

/* Begin PBXResourcesBuildPhase section */
		F1134A001C1BF03B00E3FB08 /* Resources */ = {
			isa = PBXResourcesBuildPhase;
			buildActionMask = 2147483647;
			files = (
				F1134A081C1BF03B00E3FB08 /* Assets.xcassets in Resources */,
				F131DAB61D45AD0B0022B2C0 /* station_name.js in Resources */,
				F1134A0B1C1BF03B00E3FB08 /* MainMenu.xib in Resources */,
			);
			runOnlyForDeploymentPostprocessing = 0;
		};
/* End PBXResourcesBuildPhase section */

/* Begin PBXSourcesBuildPhase section */
		F11349FE1C1BF03B00E3FB08 /* Sources */ = {
			isa = PBXSourcesBuildPhase;
			buildActionMask = 2147483647;
			files = (
				F1134A061C1BF03B00E3FB08 /* AppDelegate.swift in Sources */,
				F1D77FBE1C2B80E800457996 /* StationData.swift in Sources */,
				F1134A131C1BF68900E3FB08 /* AutoCompleteTextField.swift in Sources */,
			);
			runOnlyForDeploymentPostprocessing = 0;
		};
/* End PBXSourcesBuildPhase section */

/* Begin PBXVariantGroup section */
		F1134A091C1BF03B00E3FB08 /* MainMenu.xib */ = {
			isa = PBXVariantGroup;
			children = (
				F1134A0A1C1BF03B00E3FB08 /* Base */,
			);
			name = MainMenu.xib;
			sourceTree = "<group>";
		};
/* End PBXVariantGroup section */

/* Begin XCBuildConfiguration section */
		F1134A0D1C1BF03B00E3FB08 /* Debug */ = {
			isa = XCBuildConfiguration;
			buildSettings = {
				ALWAYS_SEARCH_USER_PATHS = NO;
				CLANG_CXX_LANGUAGE_STANDARD = "gnu++0x";
				CLANG_CXX_LIBRARY = "libc++";
				CLANG_ENABLE_MODULES = YES;
				CLANG_ENABLE_OBJC_ARC = YES;
				CLANG_WARN_BOOL_CONVERSION = YES;
				CLANG_WARN_CONSTANT_CONVERSION = YES;
				CLANG_WARN_DIRECT_OBJC_ISA_USAGE = YES_ERROR;
				CLANG_WARN_EMPTY_BODY = YES;
				CLANG_WARN_ENUM_CONVERSION = YES;
				CLANG_WARN_INT_CONVERSION = YES;
				CLANG_WARN_OBJC_ROOT_CLASS = YES_ERROR;
				CLANG_WARN_UNREACHABLE_CODE = YES;
				CLANG_WARN__DUPLICATE_METHOD_MATCH = YES;
				CODE_SIGN_IDENTITY = "-";
				COPY_PHASE_STRIP = NO;
				DEBUG_INFORMATION_FORMAT = dwarf;
				ENABLE_STRICT_OBJC_MSGSEND = YES;
				ENABLE_TESTABILITY = YES;
				GCC_C_LANGUAGE_STANDARD = gnu99;
				GCC_DYNAMIC_NO_PIC = NO;
				GCC_NO_COMMON_BLOCKS = YES;
				GCC_OPTIMIZATION_LEVEL = 0;
				GCC_PREPROCESSOR_DEFINITIONS = (
					"DEBUG=1",
					"$(inherited)",
				);
				GCC_WARN_64_TO_32_BIT_CONVERSION = YES;
				GCC_WARN_ABOUT_RETURN_TYPE = YES_ERROR;
				GCC_WARN_UNDECLARED_SELECTOR = YES;
				GCC_WARN_UNINITIALIZED_AUTOS = YES_AGGRESSIVE;
				GCC_WARN_UNUSED_FUNCTION = YES;
				GCC_WARN_UNUSED_VARIABLE = YES;
				MACOSX_DEPLOYMENT_TARGET = 10.11;
				MTL_ENABLE_DEBUG_INFO = YES;
				ONLY_ACTIVE_ARCH = YES;
				SDKROOT = macosx;
				SWIFT_OPTIMIZATION_LEVEL = "-Onone";
			};
			name = Debug;
		};
		F1134A0E1C1BF03B00E3FB08 /* Release */ = {
			isa = XCBuildConfiguration;
			buildSettings = {
				ALWAYS_SEARCH_USER_PATHS = NO;
				CLANG_CXX_LANGUAGE_STANDARD = "gnu++0x";
				CLANG_CXX_LIBRARY = "libc++";
				CLANG_ENABLE_MODULES = YES;
				CLANG_ENABLE_OBJC_ARC = YES;
				CLANG_WARN_BOOL_CONVERSION = YES;
				CLANG_WARN_CONSTANT_CONVERSION = YES;
				CLANG_WARN_DIRECT_OBJC_ISA_USAGE = YES_ERROR;
				CLANG_WARN_EMPTY_BODY = YES;
				CLANG_WARN_ENUM_CONVERSION = YES;
				CLANG_WARN_INT_CONVERSION = YES;
				CLANG_WARN_OBJC_ROOT_CLASS = YES_ERROR;
				CLANG_WARN_UNREACHABLE_CODE = YES;
				CLANG_WARN__DUPLICATE_METHOD_MATCH = YES;
				CODE_SIGN_IDENTITY = "-";
				COPY_PHASE_STRIP = NO;
				DEBUG_INFORMATION_FORMAT = "dwarf-with-dsym";
				ENABLE_NS_ASSERTIONS = NO;
				ENABLE_STRICT_OBJC_MSGSEND = YES;
				GCC_C_LANGUAGE_STANDARD = gnu99;
				GCC_NO_COMMON_BLOCKS = YES;
				GCC_WARN_64_TO_32_BIT_CONVERSION = YES;
				GCC_WARN_ABOUT_RETURN_TYPE = YES_ERROR;
				GCC_WARN_UNDECLARED_SELECTOR = YES;
				GCC_WARN_UNINITIALIZED_AUTOS = YES_AGGRESSIVE;
				GCC_WARN_UNUSED_FUNCTION = YES;
				GCC_WARN_UNUSED_VARIABLE = YES;
				MACOSX_DEPLOYMENT_TARGET = 10.11;
				MTL_ENABLE_DEBUG_INFO = NO;
				SDKROOT = macosx;
			};
			name = Release;
		};
		F1134A101C1BF03B00E3FB08 /* Debug */ = {
			isa = XCBuildConfiguration;
			buildSettings = {
				ASSETCATALOG_COMPILER_APPICON_NAME = AppIcon;
				COMBINE_HIDPI_IMAGES = YES;
				INFOPLIST_FILE = AutoCompleteTextFieldDemo/Info.plist;
				LD_RUNPATH_SEARCH_PATHS = "$(inherited) @executable_path/../Frameworks";
				PRODUCT_BUNDLE_IDENTIFIER = fancymax.AutoCompleteTextFieldDemo;
				PRODUCT_NAME = "$(TARGET_NAME)";
			};
			name = Debug;
		};
		F1134A111C1BF03B00E3FB08 /* Release */ = {
			isa = XCBuildConfiguration;
			buildSettings = {
				ASSETCATALOG_COMPILER_APPICON_NAME = AppIcon;
				COMBINE_HIDPI_IMAGES = YES;
				INFOPLIST_FILE = AutoCompleteTextFieldDemo/Info.plist;
				LD_RUNPATH_SEARCH_PATHS = "$(inherited) @executable_path/../Frameworks";
				PRODUCT_BUNDLE_IDENTIFIER = fancymax.AutoCompleteTextFieldDemo;
				PRODUCT_NAME = "$(TARGET_NAME)";
			};
			name = Release;
		};
/* End XCBuildConfiguration section */

/* Begin XCConfigurationList section */
		F11349FD1C1BF03B00E3FB08 /* Build configuration list for PBXProject "AutoCompleteTextFieldDemo" */ = {
			isa = XCConfigurationList;
			buildConfigurations = (
				F1134A0D1C1BF03B00E3FB08 /* Debug */,
				F1134A0E1C1BF03B00E3FB08 /* Release */,
			);
			defaultConfigurationIsVisible = 0;
			defaultConfigurationName = Release;
		};
		F1134A0F1C1BF03B00E3FB08 /* Build configuration list for PBXNativeTarget "AutoCompleteTextFieldDemo" */ = {
			isa = XCConfigurationList;
			buildConfigurations = (
				F1134A101C1BF03B00E3FB08 /* Debug */,
				F1134A111C1BF03B00E3FB08 /* Release */,
			);
			defaultConfigurationIsVisible = 0;
			defaultConfigurationName = Release;
		};
/* End XCConfigurationList section */
	};
	rootObject = F11349FA1C1BF03B00E3FB08 /* Project object */;
}
